
Microsoft Visual Studio Solution File, Format Version 12.00
# Visual Studio 15
VisualStudioVersion = 15.0.27130.2027
MinimumVisualStudioVersion = 10.0.40219.1
Project("{FAE04EC0-301F-11D3-BF4B-00C04F79EFBC}") = "Grafica", "Grafica\Grafica.csproj", "{1E3959E4-FF4A-4E0E-AE45-A0F740EE1C57}"
EndProject
Global
	GlobalSection(SolutionConfigurationPlatforms) = preSolution
		Debug|Any CPU = Debug|Any CPU
		Release|Any CPU = Release|Any CPU
	EndGlobalSection
	GlobalSection(ProjectConfigurationPlatforms) = postSolution
		{1E3959E4-FF4A-4E0E-AE45-A0F740EE1C57}.Debug|Any CPU.ActiveCfg = Debug|Any CPU
		{1E3959E4-FF4A-4E0E-AE45-A0F740EE1C57}.Debug|Any CPU.Build.0 = Debug|Any CPU
		{1E3959E4-FF4A-4E0E-AE45-A0F740EE1C57}.Release|Any CPU.ActiveCfg = Release|Any CPU
		{1E3959E4-FF4A-4E0E-AE45-A0F740EE1C57}.Release|Any CPU.Build.0 = Release|Any CPU
	EndGlobalSection
	GlobalSection(SolutionProperties) = preSolution
		HideSolutionNode = FALSE
	EndGlobalSection
	GlobalSection(ExtensibilityGlobals) = postSolution
		SolutionGuid = {72EA8926-4CA9-4AA6-96F1-9F7F39B7CAE7}
	EndGlobalSection
EndGlobal
